
Microsoft Visual Studio Solution File, Format Version 12.00
# Visual Studio Version 17
VisualStudioVersion = 17.0.31912.275
MinimumVisualStudioVersion = 10.0.40219.1
Project("{9A19103F-16F7-4668-BE54-9A1E7A4F7556}") = "Day01", "Day01\Day01.csproj", "{2F9934E9-456B-4425-8FA9-65DAD933D237}"
EndProject
Project("{9A19103F-16F7-4668-BE54-9A1E7A4F7556}") = "Day02", "Day02\Day02.csproj", "{C3AAC0DD-3DB4-4C77-8F1A-CF3E660928CA}"
EndProject
Project("{9A19103F-16F7-4668-BE54-9A1E7A4F7556}") = "Day03", "Day03\Day03.csproj", "{8372C841-0E5F-44FC-B85C-E584492C5EDC}"
EndProject
Project("{9A19103F-16F7-4668-BE54-9A1E7A4F7556}") = "Day04", "Day04\Day04.csproj", "{53293130-D38A-4CA2-BFCA-7243DC0A1CED}"
EndProject
Project("{9A19103F-16F7-4668-BE54-9A1E7A4F7556}") = "Day05", "Day05\Day05.csproj", "{477DF67E-46EE-49B6-B7CF-581892167F70}"
EndProject
Project("{9A19103F-16F7-4668-BE54-9A1E7A4F7556}") = "Day06", "Day06\Day06.csproj", "{CE9C71C4-210D-4024-A13F-95D1A3D3DF87}"
EndProject
Project("{FAE04EC0-301F-11D3-BF4B-00C04F79EFBC}") = "Day07", "Day07\Day07.csproj", "{2BE00216-F6D8-4A7A-B823-87A0BCEF7678}"
EndProject
Project("{FAE04EC0-301F-11D3-BF4B-00C04F79EFBC}") = "Day08", "Day08\Day08.csproj", "{921553DE-DF67-41B6-B9D2-8E7C5C80D011}"
EndProject
Global
	GlobalSection(SolutionConfigurationPlatforms) = preSolution
		Debug|Any CPU = Debug|Any CPU
		Release|Any CPU = Release|Any CPU
	EndGlobalSection
	GlobalSection(ProjectConfigurationPlatforms) = postSolution
		{2F9934E9-456B-4425-8FA9-65DAD933D237}.Debug|Any CPU.ActiveCfg = Debug|Any CPU
		{2F9934E9-456B-4425-8FA9-65DAD933D237}.Debug|Any CPU.Build.0 = Debug|Any CPU
		{2F9934E9-456B-4425-8FA9-65DAD933D237}.Release|Any CPU.ActiveCfg = Release|Any CPU
		{2F9934E9-456B-4425-8FA9-65DAD933D237}.Release|Any CPU.Build.0 = Release|Any CPU
		{C3AAC0DD-3DB4-4C77-8F1A-CF3E660928CA}.Debug|Any CPU.ActiveCfg = Debug|Any CPU
		{C3AAC0DD-3DB4-4C77-8F1A-CF3E660928CA}.Debug|Any CPU.Build.0 = Debug|Any CPU
		{C3AAC0DD-3DB4-4C77-8F1A-CF3E660928CA}.Release|Any CPU.ActiveCfg = Release|Any CPU
		{C3AAC0DD-3DB4-4C77-8F1A-CF3E660928CA}.Release|Any CPU.Build.0 = Release|Any CPU
		{8372C841-0E5F-44FC-B85C-E584492C5EDC}.Debug|Any CPU.ActiveCfg = Debug|Any CPU
		{8372C841-0E5F-44FC-B85C-E584492C5EDC}.Debug|Any CPU.Build.0 = Debug|Any CPU
		{8372C841-0E5F-44FC-B85C-E584492C5EDC}.Release|Any CPU.ActiveCfg = Release|Any CPU
		{8372C841-0E5F-44FC-B85C-E584492C5EDC}.Release|Any CPU.Build.0 = Release|Any CPU
		{53293130-D38A-4CA2-BFCA-7243DC0A1CED}.Debug|Any CPU.ActiveCfg = Debug|Any CPU
		{53293130-D38A-4CA2-BFCA-7243DC0A1CED}.Debug|Any CPU.Build.0 = Debug|Any CPU
		{53293130-D38A-4CA2-BFCA-7243DC0A1CED}.Release|Any CPU.ActiveCfg = Release|Any CPU
		{53293130-D38A-4CA2-BFCA-7243DC0A1CED}.Release|Any CPU.Build.0 = Release|Any CPU
		{477DF67E-46EE-49B6-B7CF-581892167F70}.Debug|Any CPU.ActiveCfg = Debug|Any CPU
		{477DF67E-46EE-49B6-B7CF-581892167F70}.Debug|Any CPU.Build.0 = Debug|Any CPU
		{477DF67E-46EE-49B6-B7CF-581892167F70}.Release|Any CPU.ActiveCfg = Release|Any CPU
		{477DF67E-46EE-49B6-B7CF-581892167F70}.Release|Any CPU.Build.0 = Release|Any CPU
		{CE9C71C4-210D-4024-A13F-95D1A3D3DF87}.Debug|Any CPU.ActiveCfg = Debug|Any CPU
		{CE9C71C4-210D-4024-A13F-95D1A3D3DF87}.Debug|Any CPU.Build.0 = Debug|Any CPU
		{CE9C71C4-210D-4024-A13F-95D1A3D3DF87}.Release|Any CPU.ActiveCfg = Release|Any CPU
		{CE9C71C4-210D-4024-A13F-95D1A3D3DF87}.Release|Any CPU.Build.0 = Release|Any CPU
		{2BE00216-F6D8-4A7A-B823-87A0BCEF7678}.Debug|Any CPU.ActiveCfg = Debug|Any CPU
		{2BE00216-F6D8-4A7A-B823-87A0BCEF7678}.Debug|Any CPU.Build.0 = Debug|Any CPU
		{2BE00216-F6D8-4A7A-B823-87A0BCEF7678}.Release|Any CPU.ActiveCfg = Release|Any CPU
		{2BE00216-F6D8-4A7A-B823-87A0BCEF7678}.Release|Any CPU.Build.0 = Release|Any CPU
		{921553DE-DF67-41B6-B9D2-8E7C5C80D011}.Debug|Any CPU.ActiveCfg = Debug|Any CPU
		{921553DE-DF67-41B6-B9D2-8E7C5C80D011}.Debug|Any CPU.Build.0 = Debug|Any CPU
		{921553DE-DF67-41B6-B9D2-8E7C5C80D011}.Release|Any CPU.ActiveCfg = Release|Any CPU
		{921553DE-DF67-41B6-B9D2-8E7C5C80D011}.Release|Any CPU.Build.0 = Release|Any CPU
	EndGlobalSection
	GlobalSection(SolutionProperties) = preSolution
		HideSolutionNode = FALSE
	EndGlobalSection
	GlobalSection(ExtensibilityGlobals) = postSolution
		SolutionGuid = {A0078DB3-C27D-4E20-BD88-2F45717D8FD5}
	EndGlobalSection
EndGlobal
