
Microsoft Visual Studio Solution File, Format Version 12.00
# Visual Studio Version 17
VisualStudioVersion = 17.0.31912.275
MinimumVisualStudioVersion = 10.0.40219.1
Project("{9A19103F-16F7-4668-BE54-9A1E7A4F7556}") = "Day01", "Day01\Day01.csproj", "{2F9934E9-456B-4425-8FA9-65DAD933D237}"
EndProject
Project("{9A19103F-16F7-4668-BE54-9A1E7A4F7556}") = "Day02", "Day02\Day02.csproj", "{C3AAC0DD-3DB4-4C77-8F1A-CF3E660928CA}"
EndProject
Project("{FAE04EC0-301F-11D3-BF4B-00C04F79EFBC}") = "Day03", "Day03\Day03.csproj", "{8372C841-0E5F-44FC-B85C-E584492C5EDC}"
EndProject
Global
	GlobalSection(SolutionConfigurationPlatforms) = preSolution
		Debug|Any CPU = Debug|Any CPU
		Release|Any CPU = Release|Any CPU
	EndGlobalSection
	GlobalSection(ProjectConfigurationPlatforms) = postSolution
		{2F9934E9-456B-4425-8FA9-65DAD933D237}.Debug|Any CPU.ActiveCfg = Debug|Any CPU
		{2F9934E9-456B-4425-8FA9-65DAD933D237}.Debug|Any CPU.Build.0 = Debug|Any CPU
		{2F9934E9-456B-4425-8FA9-65DAD933D237}.Release|Any CPU.ActiveCfg = Release|Any CPU
		{2F9934E9-456B-4425-8FA9-65DAD933D237}.Release|Any CPU.Build.0 = Release|Any CPU
		{C3AAC0DD-3DB4-4C77-8F1A-CF3E660928CA}.Debug|Any CPU.ActiveCfg = Debug|Any CPU
		{C3AAC0DD-3DB4-4C77-8F1A-CF3E660928CA}.Debug|Any CPU.Build.0 = Debug|Any CPU
		{C3AAC0DD-3DB4-4C77-8F1A-CF3E660928CA}.Release|Any CPU.ActiveCfg = Release|Any CPU
		{C3AAC0DD-3DB4-4C77-8F1A-CF3E660928CA}.Release|Any CPU.Build.0 = Release|Any CPU
		{8372C841-0E5F-44FC-B85C-E584492C5EDC}.Debug|Any CPU.ActiveCfg = Debug|Any CPU
		{8372C841-0E5F-44FC-B85C-E584492C5EDC}.Debug|Any CPU.Build.0 = Debug|Any CPU
		{8372C841-0E5F-44FC-B85C-E584492C5EDC}.Release|Any CPU.ActiveCfg = Release|Any CPU
		{8372C841-0E5F-44FC-B85C-E584492C5EDC}.Release|Any CPU.Build.0 = Release|Any CPU
	EndGlobalSection
	GlobalSection(SolutionProperties) = preSolution
		HideSolutionNode = FALSE
	EndGlobalSection
	GlobalSection(ExtensibilityGlobals) = postSolution
		SolutionGuid = {A0078DB3-C27D-4E20-BD88-2F45717D8FD5}
	EndGlobalSection
EndGlobal
